{
  "name": "agent-toolbox",
  "lockfileVersion": 3,
  "requires": true,
  "packages": {
    "": {
      "name": "agent-toolbox",
      "dependencies": {
        "@sinclair/typebox": "^0.33.0",
        "diff": "^7.0.0"
      }
    },
    "node_modules/@sinclair/typebox": {
      "version": "0.33.22",
      "resolved": "https://registry.npmjs.org/@sinclair/typebox/-/typebox-0.33.22.tgz",
      "integrity": "sha512-auUj4k+f4pyrIVf4GW5UKquSZFHJWri06QgARy9C0t9ZTjJLIuNIrr1yl9bWcJWJ1Gz1vOvYN1D+QPaIlNMVkQ==",
      "license": "MIT"
    },
    "node_modules/diff": {
      "version": "7.0.0",
      "resolved": "https://registry.npmjs.org/diff/-/diff-7.0.0.tgz",
      "integrity": "sha512-PJWHUb1RFevKCwaFA9RlG5tCd+FO5iRh9A8HEtkmBH2Li03iJriB6m6JIN4rGz3K3JLawI7/veA1xzRKP6ISBw==",
      "license": "BSD-3-Clause",
      "engines": {
        "node": ">=0.3.1"
      }
    }
  }
}
